
Microsoft Visual Studio Solution File, Format Version 12.00
# Visual Studio Version 16
VisualStudioVersion = 16.0.31911.196
MinimumVisualStudioVersion = 10.0.40219.1
Project("{FAE04EC0-301F-11D3-BF4B-00C04F79EFBC}") = "RentACarFormApplication", "RentACarFormApplication.csproj", "{4810E790-4552-43FE-BF5D-95FF86A3A584}"
EndProject
Global
	GlobalSection(SolutionConfigurationPlatforms) = preSolution
		Debug|Any CPU = Debug|Any CPU
		Release|Any CPU = Release|Any CPU
	EndGlobalSection
	GlobalSection(ProjectConfigurationPlatforms) = postSolution
		{4810E790-4552-43FE-BF5D-95FF86A3A584}.Debug|Any CPU.ActiveCfg = Debug|Any CPU
		{4810E790-4552-43FE-BF5D-95FF86A3A584}.Debug|Any CPU.Build.0 = Debug|Any CPU
		{4810E790-4552-43FE-BF5D-95FF86A3A584}.Release|Any CPU.ActiveCfg = Release|Any CPU
		{4810E790-4552-43FE-BF5D-95FF86A3A584}.Release|Any CPU.Build.0 = Release|Any CPU
	EndGlobalSection
	GlobalSection(SolutionProperties) = preSolution
		HideSolutionNode = FALSE
	EndGlobalSection
	GlobalSection(ExtensibilityGlobals) = postSolution
		SolutionGuid = {4A3A1D40-824F-4BB4-8211-443B2CE0E2FC}
	EndGlobalSection
EndGlobal
